
Microsoft Visual Studio Solution File, Format Version 12.00
# Visual Studio Version 17
VisualStudioVersion = 17.8.34525.116
MinimumVisualStudioVersion = 10.0.40219.1
Project("{FAE04EC0-301F-11D3-BF4B-00C04F79EFBC}") = "KSUFreeYoga.Server", "KSUFreeYoga.Server\KSUFreeYoga.Server.csproj", "{53806BBF-F973-4B71-95C4-64732EF2611A}"
EndProject
Project("{54A90642-561A-4BB1-A94E-469ADEE60C69}") = "ksufreeyoga.client", "ksufreeyoga.client\ksufreeyoga.client.esproj", "{194E33F7-2FE8-44FD-8C81-24E8F19D8FDC}"
EndProject
Global
	GlobalSection(SolutionConfigurationPlatforms) = preSolution
		Debug|Any CPU = Debug|Any CPU
		Release|Any CPU = Release|Any CPU
	EndGlobalSection
	GlobalSection(ProjectConfigurationPlatforms) = postSolution
		{53806BBF-F973-4B71-95C4-64732EF2611A}.Debug|Any CPU.ActiveCfg = Debug|Any CPU
		{53806BBF-F973-4B71-95C4-64732EF2611A}.Debug|Any CPU.Build.0 = Debug|Any CPU
		{53806BBF-F973-4B71-95C4-64732EF2611A}.Release|Any CPU.ActiveCfg = Release|Any CPU
		{53806BBF-F973-4B71-95C4-64732EF2611A}.Release|Any CPU.Build.0 = Release|Any CPU
		{194E33F7-2FE8-44FD-8C81-24E8F19D8FDC}.Debug|Any CPU.ActiveCfg = Debug|Any CPU
		{194E33F7-2FE8-44FD-8C81-24E8F19D8FDC}.Debug|Any CPU.Build.0 = Debug|Any CPU
		{194E33F7-2FE8-44FD-8C81-24E8F19D8FDC}.Debug|Any CPU.Deploy.0 = Debug|Any CPU
		{194E33F7-2FE8-44FD-8C81-24E8F19D8FDC}.Release|Any CPU.ActiveCfg = Release|Any CPU
		{194E33F7-2FE8-44FD-8C81-24E8F19D8FDC}.Release|Any CPU.Build.0 = Release|Any CPU
		{194E33F7-2FE8-44FD-8C81-24E8F19D8FDC}.Release|Any CPU.Deploy.0 = Release|Any CPU
	EndGlobalSection
	GlobalSection(SolutionProperties) = preSolution
		HideSolutionNode = FALSE
	EndGlobalSection
	GlobalSection(ExtensibilityGlobals) = postSolution
		SolutionGuid = {C54C6E1E-BC8F-4439-90EA-2E00617C0B60}
	EndGlobalSection
EndGlobal
